// !$*UTF8*$!
{
	archiveVersion = 1;
	classes = {
	};
	objectVersion = 46;
	objects = {

/* Begin PBXBuildFile section */
		B282FA9818046E0D0011C211 /* EnterPriceView.m in Sources */ = {isa = PBXBuildFile; fileRef = B282FA9718046E0D0011C211 /* EnterPriceView.m */; };
		B282FA9B1804902F0011C211 /* DiscountView.m in Sources */ = {isa = PBXBuildFile; fileRef = B282FA9A1804902F0011C211 /* DiscountView.m */; };
		B2DA073F1802F9C300CAF01A /* UIKit.framework in Frameworks */ = {isa = PBXBuildFile; fileRef = B2DA073E1802F9C300CAF01A /* UIKit.framework */; };
		B2DA07411802F9C300CAF01A /* Foundation.framework in Frameworks */ = {isa = PBXBuildFile; fileRef = B2DA07401802F9C300CAF01A /* Foundation.framework */; };
		B2DA07431802F9C300CAF01A /* CoreGraphics.framework in Frameworks */ = {isa = PBXBuildFile; fileRef = B2DA07421802F9C300CAF01A /* CoreGraphics.framework */; };
		B2DA07491802F9C300CAF01A /* InfoPlist.strings in Resources */ = {isa = PBXBuildFile; fileRef = B2DA07471802F9C300CAF01A /* InfoPlist.strings */; };
		B2DA074B1802F9C300CAF01A /* main.m in Sources */ = {isa = PBXBuildFile; fileRef = B2DA074A1802F9C300CAF01A /* main.m */; };
		B2DA074F1802F9C300CAF01A /* AppDelegate.m in Sources */ = {isa = PBXBuildFile; fileRef = B2DA074E1802F9C300CAF01A /* AppDelegate.m */; };
		B2DA07511802F9C300CAF01A /* Default.png in Resources */ = {isa = PBXBuildFile; fileRef = B2DA07501802F9C300CAF01A /* Default.png */; };
		B2DA07531802F9C300CAF01A /* Default@2x.png in Resources */ = {isa = PBXBuildFile; fileRef = B2DA07521802F9C300CAF01A /* Default@2x.png */; };
		B2DA07551802F9C300CAF01A /* Default-568h@2x.png in Resources */ = {isa = PBXBuildFile; fileRef = B2DA07541802F9C300CAF01A /* Default-568h@2x.png */; };
		B2DA07581802F9C300CAF01A /* MainStoryboard.storyboard in Resources */ = {isa = PBXBuildFile; fileRef = B2DA07561802F9C300CAF01A /* MainStoryboard.storyboard */; };
		B2DA075B1802F9C300CAF01A /* StartupViewController.m in Sources */ = {isa = PBXBuildFile; fileRef = B2DA075A1802F9C300CAF01A /* StartupViewController.m */; };
		B2DA07631803016300CAF01A /* ProductsTableViewController.m in Sources */ = {isa = PBXBuildFile; fileRef = B2DA07621803016300CAF01A /* ProductsTableViewController.m */; };
		B2DA07661803020C00CAF01A /* ViewController.m in Sources */ = {isa = PBXBuildFile; fileRef = B2DA07651803020C00CAF01A /* ViewController.m */; };
		B2DA076C18032F6300CAF01A /* Product.m in Sources */ = {isa = PBXBuildFile; fileRef = B2DA076B18032F6300CAF01A /* Product.m */; };
		B2DA076F1803336800CAF01A /* ProductList.m in Sources */ = {isa = PBXBuildFile; fileRef = B2DA076E1803336800CAF01A /* ProductList.m */; };
		B2DA0772180333B300CAF01A /* NewProductViewController.m in Sources */ = {isa = PBXBuildFile; fileRef = B2DA0771180333B300CAF01A /* NewProductViewController.m */; };
		B2DA077518034E0100CAF01A /* ProductsTableViewCell.m in Sources */ = {isa = PBXBuildFile; fileRef = B2DA077418034E0100CAF01A /* ProductsTableViewCell.m */; };
		B2DA077818035FD300CAF01A /* Protein.jpg in Resources */ = {isa = PBXBuildFile; fileRef = B2DA077718035FD300CAF01A /* Protein.jpg */; };
/* End PBXBuildFile section */

/* Begin PBXFileReference section */
		B282FA9618046E0D0011C211 /* EnterPriceView.h */ = {isa = PBXFileReference; fileEncoding = 4; lastKnownFileType = sourcecode.c.h; path = EnterPriceView.h; sourceTree = "<group>"; };
		B282FA9718046E0D0011C211 /* EnterPriceView.m */ = {isa = PBXFileReference; fileEncoding = 4; lastKnownFileType = sourcecode.c.objc; path = EnterPriceView.m; sourceTree = "<group>"; };
		B282FA991804902F0011C211 /* DiscountView.h */ = {isa = PBXFileReference; fileEncoding = 4; lastKnownFileType = sourcecode.c.h; path = DiscountView.h; sourceTree = "<group>"; };
		B282FA9A1804902F0011C211 /* DiscountView.m */ = {isa = PBXFileReference; fileEncoding = 4; lastKnownFileType = sourcecode.c.objc; path = DiscountView.m; sourceTree = "<group>"; };
		B2DA073B1802F9C300CAF01A /* Lemon-Pipe.app */ = {isa = PBXFileReference; explicitFileType = wrapper.application; includeInIndex = 0; path = "Lemon-Pipe.app"; sourceTree = BUILT_PRODUCTS_DIR; };
		B2DA073E1802F9C300CAF01A /* UIKit.framework */ = {isa = PBXFileReference; lastKnownFileType = wrapper.framework; name = UIKit.framework; path = System/Library/Frameworks/UIKit.framework; sourceTree = SDKROOT; };
		B2DA07401802F9C300CAF01A /* Foundation.framework */ = {isa = PBXFileReference; lastKnownFileType = wrapper.framework; name = Foundation.framework; path = System/Library/Frameworks/Foundation.framework; sourceTree = SDKROOT; };
		B2DA07421802F9C300CAF01A /* CoreGraphics.framework */ = {isa = PBXFileReference; lastKnownFileType = wrapper.framework; name = CoreGraphics.framework; path = System/Library/Frameworks/CoreGraphics.framework; sourceTree = SDKROOT; };
		B2DA07461802F9C300CAF01A /* Lemon-Pipe-Info.plist */ = {isa = PBXFileReference; lastKnownFileType = text.plist.xml; path = "Lemon-Pipe-Info.plist"; sourceTree = "<group>"; };
		B2DA07481802F9C300CAF01A /* en */ = {isa = PBXFileReference; lastKnownFileType = text.plist.strings; name = en; path = en.lproj/InfoPlist.strings; sourceTree = "<group>"; };
		B2DA074A1802F9C300CAF01A /* main.m */ = {isa = PBXFileReference; lastKnownFileType = sourcecode.c.objc; path = main.m; sourceTree = "<group>"; };
		B2DA074C1802F9C300CAF01A /* Lemon-Pipe-Prefix.pch */ = {isa = PBXFileReference; lastKnownFileType = sourcecode.c.h; path = "Lemon-Pipe-Prefix.pch"; sourceTree = "<group>"; };
		B2DA074D1802F9C300CAF01A /* AppDelegate.h */ = {isa = PBXFileReference; lastKnownFileType = sourcecode.c.h; path = AppDelegate.h; sourceTree = "<group>"; };
		B2DA074E1802F9C300CAF01A /* AppDelegate.m */ = {isa = PBXFileReference; lastKnownFileType = sourcecode.c.objc; path = AppDelegate.m; sourceTree = "<group>"; };
		B2DA07501802F9C300CAF01A /* Default.png */ = {isa = PBXFileReference; lastKnownFileType = image.png; path = Default.png; sourceTree = "<group>"; };
		B2DA07521802F9C300CAF01A /* Default@2x.png */ = {isa = PBXFileReference; lastKnownFileType = image.png; path = "Default@2x.png"; sourceTree = "<group>"; };
		B2DA07541802F9C300CAF01A /* Default-568h@2x.png */ = {isa = PBXFileReference; lastKnownFileType = image.png; path = "Default-568h@2x.png"; sourceTree = "<group>"; };
		B2DA07571802F9C300CAF01A /* en */ = {isa = PBXFileReference; lastKnownFileType = file.storyboard; name = en; path = en.lproj/MainStoryboard.storyboard; sourceTree = "<group>"; };
		B2DA07591802F9C300CAF01A /* StartupViewController.h */ = {isa = PBXFileReference; lastKnownFileType = sourcecode.c.h; path = StartupViewController.h; sourceTree = "<group>"; };
		B2DA075A1802F9C300CAF01A /* StartupViewController.m */ = {isa = PBXFileReference; lastKnownFileType = sourcecode.c.objc; path = StartupViewController.m; sourceTree = "<group>"; };
		B2DA07611803016300CAF01A /* ProductsTableViewController.h */ = {isa = PBXFileReference; fileEncoding = 4; lastKnownFileType = sourcecode.c.h; path = ProductsTableViewController.h; sourceTree = "<group>"; };
		B2DA07621803016300CAF01A /* ProductsTableViewController.m */ = {isa = PBXFileReference; fileEncoding = 4; lastKnownFileType = sourcecode.c.objc; path = ProductsTableViewController.m; sourceTree = "<group>"; };
		B2DA07641803020C00CAF01A /* ViewController.h */ = {isa = PBXFileReference; fileEncoding = 4; lastKnownFileType = sourcecode.c.h; path = ViewController.h; sourceTree = "<group>"; };
		B2DA07651803020C00CAF01A /* ViewController.m */ = {isa = PBXFileReference; fileEncoding = 4; lastKnownFileType = sourcecode.c.objc; path = ViewController.m; sourceTree = "<group>"; };
		B2DA076A18032F6300CAF01A /* Product.h */ = {isa = PBXFileReference; fileEncoding = 4; lastKnownFileType = sourcecode.c.h; path = Product.h; sourceTree = "<group>"; };
		B2DA076B18032F6300CAF01A /* Product.m */ = {isa = PBXFileReference; fileEncoding = 4; lastKnownFileType = sourcecode.c.objc; path = Product.m; sourceTree = "<group>"; };
		B2DA076D1803336800CAF01A /* ProductList.h */ = {isa = PBXFileReference; fileEncoding = 4; lastKnownFileType = sourcecode.c.h; path = ProductList.h; sourceTree = "<group>"; };
		B2DA076E1803336800CAF01A /* ProductList.m */ = {isa = PBXFileReference; fileEncoding = 4; lastKnownFileType = sourcecode.c.objc; path = ProductList.m; sourceTree = "<group>"; };
		B2DA0770180333B200CAF01A /* NewProductViewController.h */ = {isa = PBXFileReference; fileEncoding = 4; lastKnownFileType = sourcecode.c.h; path = NewProductViewController.h; sourceTree = "<group>"; };
		B2DA0771180333B300CAF01A /* NewProductViewController.m */ = {isa = PBXFileReference; fileEncoding = 4; lastKnownFileType = sourcecode.c.objc; path = NewProductViewController.m; sourceTree = "<group>"; };
		B2DA077318034E0000CAF01A /* ProductsTableViewCell.h */ = {isa = PBXFileReference; fileEncoding = 4; lastKnownFileType = sourcecode.c.h; path = ProductsTableViewCell.h; sourceTree = "<group>"; };
		B2DA077418034E0100CAF01A /* ProductsTableViewCell.m */ = {isa = PBXFileReference; fileEncoding = 4; lastKnownFileType = sourcecode.c.objc; path = ProductsTableViewCell.m; sourceTree = "<group>"; };
		B2DA077718035FD300CAF01A /* Protein.jpg */ = {isa = PBXFileReference; lastKnownFileType = image.jpeg; path = Protein.jpg; sourceTree = "<group>"; };
/* End PBXFileReference section */

/* Begin PBXFrameworksBuildPhase section */
		B2DA07381802F9C300CAF01A /* Frameworks */ = {
			isa = PBXFrameworksBuildPhase;
			buildActionMask = 2147483647;
			files = (
				B2DA073F1802F9C300CAF01A /* UIKit.framework in Frameworks */,
				B2DA07411802F9C300CAF01A /* Foundation.framework in Frameworks */,
				B2DA07431802F9C300CAF01A /* CoreGraphics.framework in Frameworks */,
			);
			runOnlyForDeploymentPostprocessing = 0;
		};
/* End PBXFrameworksBuildPhase section */

/* Begin PBXGroup section */
		B282FA9518046DC60011C211 /* Views */ = {
			isa = PBXGroup;
			children = (
				B2DA077318034E0000CAF01A /* ProductsTableViewCell.h */,
				B2DA077418034E0100CAF01A /* ProductsTableViewCell.m */,
				B282FA9618046E0D0011C211 /* EnterPriceView.h */,
				B282FA9718046E0D0011C211 /* EnterPriceView.m */,
				B282FA991804902F0011C211 /* DiscountView.h */,
				B282FA9A1804902F0011C211 /* DiscountView.m */,
			);
			name = Views;
			sourceTree = "<group>";
		};
		B2DA07321802F9C300CAF01A = {
			isa = PBXGroup;
			children = (
				B2DA07441802F9C300CAF01A /* Lemon-Pipe */,
				B2DA073D1802F9C300CAF01A /* Frameworks */,
				B2DA073C1802F9C300CAF01A /* Products */,
			);
			sourceTree = "<group>";
		};
		B2DA073C1802F9C300CAF01A /* Products */ = {
			isa = PBXGroup;
			children = (
				B2DA073B1802F9C300CAF01A /* Lemon-Pipe.app */,
			);
			name = Products;
			sourceTree = "<group>";
		};
		B2DA073D1802F9C300CAF01A /* Frameworks */ = {
			isa = PBXGroup;
			children = (
				B2DA073E1802F9C300CAF01A /* UIKit.framework */,
				B2DA07401802F9C300CAF01A /* Foundation.framework */,
				B2DA07421802F9C300CAF01A /* CoreGraphics.framework */,
			);
			name = Frameworks;
			sourceTree = "<group>";
		};
		B2DA07441802F9C300CAF01A /* Lemon-Pipe */ = {
			isa = PBXGroup;
			children = (
				B282FA9518046DC60011C211 /* Views */,
				B2DA077618034E1000CAF01A /* Controllers */,
				B2DA074D1802F9C300CAF01A /* AppDelegate.h */,
				B2DA074E1802F9C300CAF01A /* AppDelegate.m */,
				B2DA07561802F9C300CAF01A /* MainStoryboard.storyboard */,
				B2DA076A18032F6300CAF01A /* Product.h */,
				B2DA076B18032F6300CAF01A /* Product.m */,
				B2DA076D1803336800CAF01A /* ProductList.h */,
				B2DA076E1803336800CAF01A /* ProductList.m */,
				B2DA07451802F9C300CAF01A /* Supporting Files */,
			);
			path = "Lemon-Pipe";
			sourceTree = "<group>";
		};
		B2DA07451802F9C300CAF01A /* Supporting Files */ = {
			isa = PBXGroup;
			children = (
				B2DA077718035FD300CAF01A /* Protein.jpg */,
				B2DA07461802F9C300CAF01A /* Lemon-Pipe-Info.plist */,
				B2DA07471802F9C300CAF01A /* InfoPlist.strings */,
				B2DA074A1802F9C300CAF01A /* main.m */,
				B2DA074C1802F9C300CAF01A /* Lemon-Pipe-Prefix.pch */,
				B2DA07501802F9C300CAF01A /* Default.png */,
				B2DA07521802F9C300CAF01A /* Default@2x.png */,
				B2DA07541802F9C300CAF01A /* Default-568h@2x.png */,
			);
			name = "Supporting Files";
			sourceTree = "<group>";
		};
		B2DA077618034E1000CAF01A /* Controllers */ = {
			isa = PBXGroup;
			children = (
				B2DA07591802F9C300CAF01A /* StartupViewController.h */,
				B2DA075A1802F9C300CAF01A /* StartupViewController.m */,
				B2DA07611803016300CAF01A /* ProductsTableViewController.h */,
				B2DA07621803016300CAF01A /* ProductsTableViewController.m */,
				B2DA0770180333B200CAF01A /* NewProductViewController.h */,
				B2DA0771180333B300CAF01A /* NewProductViewController.m */,
				B2DA07641803020C00CAF01A /* ViewController.h */,
				B2DA07651803020C00CAF01A /* ViewController.m */,
			);
			name = Controllers;
			sourceTree = "<group>";
		};
/* End PBXGroup section */

/* Begin PBXNativeTarget section */
		B2DA073A1802F9C300CAF01A /* Lemon-Pipe */ = {
			isa = PBXNativeTarget;
			buildConfigurationList = B2DA075E1802F9C300CAF01A /* Build configuration list for PBXNativeTarget "Lemon-Pipe" */;
			buildPhases = (
				B2DA07371802F9C300CAF01A /* Sources */,
				B2DA07381802F9C300CAF01A /* Frameworks */,
				B2DA07391802F9C300CAF01A /* Resources */,
			);
			buildRules = (
			);
			dependencies = (
			);
			name = "Lemon-Pipe";
			productName = "Lemon-Pipe";
			productReference = B2DA073B1802F9C300CAF01A /* Lemon-Pipe.app */;
			productType = "com.apple.product-type.application";
		};
/* End PBXNativeTarget section */

/* Begin PBXProject section */
		B2DA07331802F9C300CAF01A /* Project object */ = {
			isa = PBXProject;
			attributes = {
				LastUpgradeCheck = 0460;
				ORGANIZATIONNAME = Bill;
			};
			buildConfigurationList = B2DA07361802F9C300CAF01A /* Build configuration list for PBXProject "Lemon-Pipe" */;
			compatibilityVersion = "Xcode 3.2";
			developmentRegion = English;
			hasScannedForEncodings = 0;
			knownRegions = (
				en,
			);
			mainGroup = B2DA07321802F9C300CAF01A;
			productRefGroup = B2DA073C1802F9C300CAF01A /* Products */;
			projectDirPath = "";
			projectRoot = "";
			targets = (
				B2DA073A1802F9C300CAF01A /* Lemon-Pipe */,
			);
		};
/* End PBXProject section */

/* Begin PBXResourcesBuildPhase section */
		B2DA07391802F9C300CAF01A /* Resources */ = {
			isa = PBXResourcesBuildPhase;
			buildActionMask = 2147483647;
			files = (
				B2DA07491802F9C300CAF01A /* InfoPlist.strings in Resources */,
				B2DA07511802F9C300CAF01A /* Default.png in Resources */,
				B2DA07531802F9C300CAF01A /* Default@2x.png in Resources */,
				B2DA07551802F9C300CAF01A /* Default-568h@2x.png in Resources */,
				B2DA07581802F9C300CAF01A /* MainStoryboard.storyboard in Resources */,
				B2DA077818035FD300CAF01A /* Protein.jpg in Resources */,
			);
			runOnlyForDeploymentPostprocessing = 0;
		};
/* End PBXResourcesBuildPhase section */

/* Begin PBXSourcesBuildPhase section */
		B2DA07371802F9C300CAF01A /* Sources */ = {
			isa = PBXSourcesBuildPhase;
			buildActionMask = 2147483647;
			files = (
				B2DA074B1802F9C300CAF01A /* main.m in Sources */,
				B2DA074F1802F9C300CAF01A /* AppDelegate.m in Sources */,
				B2DA075B1802F9C300CAF01A /* StartupViewController.m in Sources */,
				B2DA07631803016300CAF01A /* ProductsTableViewController.m in Sources */,
				B2DA07661803020C00CAF01A /* ViewController.m in Sources */,
				B2DA076C18032F6300CAF01A /* Product.m in Sources */,
				B2DA076F1803336800CAF01A /* ProductList.m in Sources */,
				B2DA0772180333B300CAF01A /* NewProductViewController.m in Sources */,
				B2DA077518034E0100CAF01A /* ProductsTableViewCell.m in Sources */,
				B282FA9818046E0D0011C211 /* EnterPriceView.m in Sources */,
				B282FA9B1804902F0011C211 /* DiscountView.m in Sources */,
			);
			runOnlyForDeploymentPostprocessing = 0;
		};
/* End PBXSourcesBuildPhase section */

/* Begin PBXVariantGroup section */
		B2DA07471802F9C300CAF01A /* InfoPlist.strings */ = {
			isa = PBXVariantGroup;
			children = (
				B2DA07481802F9C300CAF01A /* en */,
			);
			name = InfoPlist.strings;
			sourceTree = "<group>";
		};
		B2DA07561802F9C300CAF01A /* MainStoryboard.storyboard */ = {
			isa = PBXVariantGroup;
			children = (
				B2DA07571802F9C300CAF01A /* en */,
			);
			name = MainStoryboard.storyboard;
			sourceTree = "<group>";
		};
/* End PBXVariantGroup section */

/* Begin XCBuildConfiguration section */
		B2DA075C1802F9C300CAF01A /* Debug */ = {
			isa = XCBuildConfiguration;
			buildSettings = {
				ALWAYS_SEARCH_USER_PATHS = NO;
				CLANG_CXX_LANGUAGE_STANDARD = "gnu++0x";
				CLANG_CXX_LIBRARY = "libc++";
				CLANG_ENABLE_OBJC_ARC = YES;
				CLANG_WARN_CONSTANT_CONVERSION = YES;
				CLANG_WARN_EMPTY_BODY = YES;
				CLANG_WARN_ENUM_CONVERSION = YES;
				CLANG_WARN_INT_CONVERSION = YES;
				CLANG_WARN__DUPLICATE_METHOD_MATCH = YES;
				"CODE_SIGN_IDENTITY[sdk=iphoneos*]" = "iPhone Developer";
				COPY_PHASE_STRIP = NO;
				GCC_C_LANGUAGE_STANDARD = gnu99;
				GCC_DYNAMIC_NO_PIC = NO;
				GCC_OPTIMIZATION_LEVEL = 0;
				GCC_PREPROCESSOR_DEFINITIONS = (
					"DEBUG=1",
					"$(inherited)",
				);
				GCC_SYMBOLS_PRIVATE_EXTERN = NO;
				GCC_WARN_ABOUT_RETURN_TYPE = YES;
				GCC_WARN_UNINITIALIZED_AUTOS = YES;
				GCC_WARN_UNUSED_VARIABLE = YES;
				IPHONEOS_DEPLOYMENT_TARGET = 6.1;
				ONLY_ACTIVE_ARCH = YES;
				SDKROOT = iphoneos;
			};
			name = Debug;
		};
		B2DA075D1802F9C300CAF01A /* Release */ = {
			isa = XCBuildConfiguration;
			buildSettings = {
				ALWAYS_SEARCH_USER_PATHS = NO;
				CLANG_CXX_LANGUAGE_STANDARD = "gnu++0x";
				CLANG_CXX_LIBRARY = "libc++";
				CLANG_ENABLE_OBJC_ARC = YES;
				CLANG_WARN_CONSTANT_CONVERSION = YES;
				CLANG_WARN_EMPTY_BODY = YES;
				CLANG_WARN_ENUM_CONVERSION = YES;
				CLANG_WARN_INT_CONVERSION = YES;
				CLANG_WARN__DUPLICATE_METHOD_MATCH = YES;
				"CODE_SIGN_IDENTITY[sdk=iphoneos*]" = "iPhone Developer";
				COPY_PHASE_STRIP = YES;
				GCC_C_LANGUAGE_STANDARD = gnu99;
				GCC_WARN_ABOUT_RETURN_TYPE = YES;
				GCC_WARN_UNINITIALIZED_AUTOS = YES;
				GCC_WARN_UNUSED_VARIABLE = YES;
				IPHONEOS_DEPLOYMENT_TARGET = 6.1;
				OTHER_CFLAGS = "-DNS_BLOCK_ASSERTIONS=1";
				SDKROOT = iphoneos;
				VALIDATE_PRODUCT = YES;
			};
			name = Release;
		};
		B2DA075F1802F9C300CAF01A /* Debug */ = {
			isa = XCBuildConfiguration;
			buildSettings = {
				GCC_PRECOMPILE_PREFIX_HEADER = YES;
				GCC_PREFIX_HEADER = "Lemon-Pipe/Lemon-Pipe-Prefix.pch";
				INFOPLIST_FILE = "Lemon-Pipe/Lemon-Pipe-Info.plist";
				PRODUCT_NAME = "$(TARGET_NAME)";
				WRAPPER_EXTENSION = app;
			};
			name = Debug;
		};
		B2DA07601802F9C300CAF01A /* Release */ = {
			isa = XCBuildConfiguration;
			buildSettings = {
				GCC_PRECOMPILE_PREFIX_HEADER = YES;
				GCC_PREFIX_HEADER = "Lemon-Pipe/Lemon-Pipe-Prefix.pch";
				INFOPLIST_FILE = "Lemon-Pipe/Lemon-Pipe-Info.plist";
				PRODUCT_NAME = "$(TARGET_NAME)";
				WRAPPER_EXTENSION = app;
			};
			name = Release;
		};
/* End XCBuildConfiguration section */

/* Begin XCConfigurationList section */
		B2DA07361802F9C300CAF01A /* Build configuration list for PBXProject "Lemon-Pipe" */ = {
			isa = XCConfigurationList;
			buildConfigurations = (
				B2DA075C1802F9C300CAF01A /* Debug */,
				B2DA075D1802F9C300CAF01A /* Release */,
			);
			defaultConfigurationIsVisible = 0;
			defaultConfigurationName = Release;
		};
		B2DA075E1802F9C300CAF01A /* Build configuration list for PBXNativeTarget "Lemon-Pipe" */ = {
			isa = XCConfigurationList;
			buildConfigurations = (
				B2DA075F1802F9C300CAF01A /* Debug */,
				B2DA07601802F9C300CAF01A /* Release */,
			);
			defaultConfigurationIsVisible = 0;
			defaultConfigurationName = Release;
		};
/* End XCConfigurationList section */
	};
	rootObject = B2DA07331802F9C300CAF01A /* Project object */;
}
